// !$*UTF8*$!
{
	archiveVersion = 1;
	classes = {
	};
	objectVersion = 50;
	objects = {

/* Begin PBXBuildFile section */
		2713A1AC245E321500996D28 /* AppDelegate.swift in Sources */ = {isa = PBXBuildFile; fileRef = 2713A1AB245E321500996D28 /* AppDelegate.swift */; };
		2713A1AE245E321500996D28 /* SceneDelegate.swift in Sources */ = {isa = PBXBuildFile; fileRef = 2713A1AD245E321500996D28 /* SceneDelegate.swift */; };
		2713A1B0245E321500996D28 /* ViewController.swift in Sources */ = {isa = PBXBuildFile; fileRef = 2713A1AF245E321500996D28 /* ViewController.swift */; };
		2713A1B3245E321500996D28 /* Main.storyboard in Resources */ = {isa = PBXBuildFile; fileRef = 2713A1B1245E321500996D28 /* Main.storyboard */; };
		2713A1B5245E321700996D28 /* Assets.xcassets in Resources */ = {isa = PBXBuildFile; fileRef = 2713A1B4245E321700996D28 /* Assets.xcassets */; };
		2713A1B8245E321700996D28 /* LaunchScreen.storyboard in Resources */ = {isa = PBXBuildFile; fileRef = 2713A1B6245E321700996D28 /* LaunchScreen.storyboard */; };
		2713A1C3245E321700996D28 /* Plumadore_Homework__6Tests.swift in Sources */ = {isa = PBXBuildFile; fileRef = 2713A1C2245E321700996D28 /* Plumadore_Homework__6Tests.swift */; };
		2713A1CE245E321700996D28 /* Plumadore_Homework__6UITests.swift in Sources */ = {isa = PBXBuildFile; fileRef = 2713A1CD245E321700996D28 /* Plumadore_Homework__6UITests.swift */; };
/* End PBXBuildFile section */

/* Begin PBXContainerItemProxy section */
		2713A1BF245E321700996D28 /* PBXContainerItemProxy */ = {
			isa = PBXContainerItemProxy;
			containerPortal = 2713A1A0245E321500996D28 /* Project object */;
			proxyType = 1;
			remoteGlobalIDString = 2713A1A7245E321500996D28;
			remoteInfo = "Plumadore Homework #6";
		};
		2713A1CA245E321700996D28 /* PBXContainerItemProxy */ = {
			isa = PBXContainerItemProxy;
			containerPortal = 2713A1A0245E321500996D28 /* Project object */;
			proxyType = 1;
			remoteGlobalIDString = 2713A1A7245E321500996D28;
			remoteInfo = "Plumadore Homework #6";
		};
/* End PBXContainerItemProxy section */

/* Begin PBXFileReference section */
		2713A1A8245E321500996D28 /* Plumadore Homework #6.app */ = {isa = PBXFileReference; explicitFileType = wrapper.application; includeInIndex = 0; path = "Plumadore Homework #6.app"; sourceTree = BUILT_PRODUCTS_DIR; };
		2713A1AB245E321500996D28 /* AppDelegate.swift */ = {isa = PBXFileReference; lastKnownFileType = sourcecode.swift; path = AppDelegate.swift; sourceTree = "<group>"; };
		2713A1AD245E321500996D28 /* SceneDelegate.swift */ = {isa = PBXFileReference; lastKnownFileType = sourcecode.swift; path = SceneDelegate.swift; sourceTree = "<group>"; };
		2713A1AF245E321500996D28 /* ViewController.swift */ = {isa = PBXFileReference; lastKnownFileType = sourcecode.swift; path = ViewController.swift; sourceTree = "<group>"; };
		2713A1B2245E321500996D28 /* Base */ = {isa = PBXFileReference; lastKnownFileType = file.storyboard; name = Base; path = Base.lproj/Main.storyboard; sourceTree = "<group>"; };
		2713A1B4245E321700996D28 /* Assets.xcassets */ = {isa = PBXFileReference; lastKnownFileType = folder.assetcatalog; path = Assets.xcassets; sourceTree = "<group>"; };
		2713A1B7245E321700996D28 /* Base */ = {isa = PBXFileReference; lastKnownFileType = file.storyboard; name = Base; path = Base.lproj/LaunchScreen.storyboard; sourceTree = "<group>"; };
		2713A1B9245E321700996D28 /* Info.plist */ = {isa = PBXFileReference; lastKnownFileType = text.plist.xml; path = Info.plist; sourceTree = "<group>"; };
		2713A1BE245E321700996D28 /* Plumadore Homework #6Tests.xctest */ = {isa = PBXFileReference; explicitFileType = wrapper.cfbundle; includeInIndex = 0; path = "Plumadore Homework #6Tests.xctest"; sourceTree = BUILT_PRODUCTS_DIR; };
		2713A1C2245E321700996D28 /* Plumadore_Homework__6Tests.swift */ = {isa = PBXFileReference; lastKnownFileType = sourcecode.swift; path = Plumadore_Homework__6Tests.swift; sourceTree = "<group>"; };
		2713A1C4245E321700996D28 /* Info.plist */ = {isa = PBXFileReference; lastKnownFileType = text.plist.xml; path = Info.plist; sourceTree = "<group>"; };
		2713A1C9245E321700996D28 /* Plumadore Homework #6UITests.xctest */ = {isa = PBXFileReference; explicitFileType = wrapper.cfbundle; includeInIndex = 0; path = "Plumadore Homework #6UITests.xctest"; sourceTree = BUILT_PRODUCTS_DIR; };
		2713A1CD245E321700996D28 /* Plumadore_Homework__6UITests.swift */ = {isa = PBXFileReference; lastKnownFileType = sourcecode.swift; path = Plumadore_Homework__6UITests.swift; sourceTree = "<group>"; };
		2713A1CF245E321700996D28 /* Info.plist */ = {isa = PBXFileReference; lastKnownFileType = text.plist.xml; path = Info.plist; sourceTree = "<group>"; };
/* End PBXFileReference section */

/* Begin PBXFrameworksBuildPhase section */
		2713A1A5245E321500996D28 /* Frameworks */ = {
			isa = PBXFrameworksBuildPhase;
			buildActionMask = 2147483647;
			files = (
			);
			runOnlyForDeploymentPostprocessing = 0;
		};
		2713A1BB245E321700996D28 /* Frameworks */ = {
			isa = PBXFrameworksBuildPhase;
			buildActionMask = 2147483647;
			files = (
			);
			runOnlyForDeploymentPostprocessing = 0;
		};
		2713A1C6245E321700996D28 /* Frameworks */ = {
			isa = PBXFrameworksBuildPhase;
			buildActionMask = 2147483647;
			files = (
			);
			runOnlyForDeploymentPostprocessing = 0;
		};
/* End PBXFrameworksBuildPhase section */

/* Begin PBXGroup section */
		2713A19F245E321500996D28 = {
			isa = PBXGroup;
			children = (
				2713A1AA245E321500996D28 /* Plumadore Homework #6 */,
				2713A1C1245E321700996D28 /* Plumadore Homework #6Tests */,
				2713A1CC245E321700996D28 /* Plumadore Homework #6UITests */,
				2713A1A9245E321500996D28 /* Products */,
			);
			sourceTree = "<group>";
		};
		2713A1A9245E321500996D28 /* Products */ = {
			isa = PBXGroup;
			children = (
				2713A1A8245E321500996D28 /* Plumadore Homework #6.app */,
				2713A1BE245E321700996D28 /* Plumadore Homework #6Tests.xctest */,
				2713A1C9245E321700996D28 /* Plumadore Homework #6UITests.xctest */,
			);
			name = Products;
			sourceTree = "<group>";
		};
		2713A1AA245E321500996D28 /* Plumadore Homework #6 */ = {
			isa = PBXGroup;
			children = (
				2713A1AB245E321500996D28 /* AppDelegate.swift */,
				2713A1AD245E321500996D28 /* SceneDelegate.swift */,
				2713A1AF245E321500996D28 /* ViewController.swift */,
				2713A1B1245E321500996D28 /* Main.storyboard */,
				2713A1B4245E321700996D28 /* Assets.xcassets */,
				2713A1B6245E321700996D28 /* LaunchScreen.storyboard */,
				2713A1B9245E321700996D28 /* Info.plist */,
			);
			path = "Plumadore Homework #6";
			sourceTree = "<group>";
		};
		2713A1C1245E321700996D28 /* Plumadore Homework #6Tests */ = {
			isa = PBXGroup;
			children = (
				2713A1C2245E321700996D28 /* Plumadore_Homework__6Tests.swift */,
				2713A1C4245E321700996D28 /* Info.plist */,
			);
			path = "Plumadore Homework #6Tests";
			sourceTree = "<group>";
		};
		2713A1CC245E321700996D28 /* Plumadore Homework #6UITests */ = {
			isa = PBXGroup;
			children = (
				2713A1CD245E321700996D28 /* Plumadore_Homework__6UITests.swift */,
				2713A1CF245E321700996D28 /* Info.plist */,
			);
			path = "Plumadore Homework #6UITests";
			sourceTree = "<group>";
		};
/* End PBXGroup section */

/* Begin PBXNativeTarget section */
		2713A1A7245E321500996D28 /* Plumadore Homework #6 */ = {
			isa = PBXNativeTarget;
			buildConfigurationList = 2713A1D2245E321700996D28 /* Build configuration list for PBXNativeTarget "Plumadore Homework #6" */;
			buildPhases = (
				2713A1A4245E321500996D28 /* Sources */,
				2713A1A5245E321500996D28 /* Frameworks */,
				2713A1A6245E321500996D28 /* Resources */,
			);
			buildRules = (
			);
			dependencies = (
			);
			name = "Plumadore Homework #6";
			productName = "Plumadore Homework #6";
			productReference = 2713A1A8245E321500996D28 /* Plumadore Homework #6.app */;
			productType = "com.apple.product-type.application";
		};
		2713A1BD245E321700996D28 /* Plumadore Homework #6Tests */ = {
			isa = PBXNativeTarget;
			buildConfigurationList = 2713A1D5245E321700996D28 /* Build configuration list for PBXNativeTarget "Plumadore Homework #6Tests" */;
			buildPhases = (
				2713A1BA245E321700996D28 /* Sources */,
				2713A1BB245E321700996D28 /* Frameworks */,
				2713A1BC245E321700996D28 /* Resources */,
			);
			buildRules = (
			);
			dependencies = (
				2713A1C0245E321700996D28 /* PBXTargetDependency */,
			);
			name = "Plumadore Homework #6Tests";
			productName = "Plumadore Homework #6Tests";
			productReference = 2713A1BE245E321700996D28 /* Plumadore Homework #6Tests.xctest */;
			productType = "com.apple.product-type.bundle.unit-test";
		};
		2713A1C8245E321700996D28 /* Plumadore Homework #6UITests */ = {
			isa = PBXNativeTarget;
			buildConfigurationList = 2713A1D8245E321700996D28 /* Build configuration list for PBXNativeTarget "Plumadore Homework #6UITests" */;
			buildPhases = (
				2713A1C5245E321700996D28 /* Sources */,
				2713A1C6245E321700996D28 /* Frameworks */,
				2713A1C7245E321700996D28 /* Resources */,
			);
			buildRules = (
			);
			dependencies = (
				2713A1CB245E321700996D28 /* PBXTargetDependency */,
			);
			name = "Plumadore Homework #6UITests";
			productName = "Plumadore Homework #6UITests";
			productReference = 2713A1C9245E321700996D28 /* Plumadore Homework #6UITests.xctest */;
			productType = "com.apple.product-type.bundle.ui-testing";
		};
/* End PBXNativeTarget section */

/* Begin PBXProject section */
		2713A1A0245E321500996D28 /* Project object */ = {
			isa = PBXProject;
			attributes = {
				LastSwiftUpdateCheck = 1130;
				LastUpgradeCheck = 1130;
				ORGANIZATIONNAME = "Ainsley Plumadore";
				TargetAttributes = {
					2713A1A7245E321500996D28 = {
						CreatedOnToolsVersion = 11.3.1;
					};
					2713A1BD245E321700996D28 = {
						CreatedOnToolsVersion = 11.3.1;
						TestTargetID = 2713A1A7245E321500996D28;
					};
					2713A1C8245E321700996D28 = {
						CreatedOnToolsVersion = 11.3.1;
						TestTargetID = 2713A1A7245E321500996D28;
					};
				};
			};
			buildConfigurationList = 2713A1A3245E321500996D28 /* Build configuration list for PBXProject "Plumadore Homework #6" */;
			compatibilityVersion = "Xcode 9.3";
			developmentRegion = en;
			hasScannedForEncodings = 0;
			knownRegions = (
				en,
				Base,
			);
			mainGroup = 2713A19F245E321500996D28;
			productRefGroup = 2713A1A9245E321500996D28 /* Products */;
			projectDirPath = "";
			projectRoot = "";
			targets = (
				2713A1A7245E321500996D28 /* Plumadore Homework #6 */,
				2713A1BD245E321700996D28 /* Plumadore Homework #6Tests */,
				2713A1C8245E321700996D28 /* Plumadore Homework #6UITests */,
			);
		};
/* End PBXProject section */

/* Begin PBXResourcesBuildPhase section */
		2713A1A6245E321500996D28 /* Resources */ = {
			isa = PBXResourcesBuildPhase;
			buildActionMask = 2147483647;
			files = (
				2713A1B8245E321700996D28 /* LaunchScreen.storyboard in Resources */,
				2713A1B5245E321700996D28 /* Assets.xcassets in Resources */,
				2713A1B3245E321500996D28 /* Main.storyboard in Resources */,
			);
			runOnlyForDeploymentPostprocessing = 0;
		};
		2713A1BC245E321700996D28 /* Resources */ = {
			isa = PBXResourcesBuildPhase;
			buildActionMask = 2147483647;
			files = (
			);
			runOnlyForDeploymentPostprocessing = 0;
		};
		2713A1C7245E321700996D28 /* Resources */ = {
			isa = PBXResourcesBuildPhase;
			buildActionMask = 2147483647;
			files = (
			);
			runOnlyForDeploymentPostprocessing = 0;
		};
/* End PBXResourcesBuildPhase section */

/* Begin PBXSourcesBuildPhase section */
		2713A1A4245E321500996D28 /* Sources */ = {
			isa = PBXSourcesBuildPhase;
			buildActionMask = 2147483647;
			files = (
				2713A1B0245E321500996D28 /* ViewController.swift in Sources */,
				2713A1AC245E321500996D28 /* AppDelegate.swift in Sources */,
				2713A1AE245E321500996D28 /* SceneDelegate.swift in Sources */,
			);
			runOnlyForDeploymentPostprocessing = 0;
		};
		2713A1BA245E321700996D28 /* Sources */ = {
			isa = PBXSourcesBuildPhase;
			buildActionMask = 2147483647;
			files = (
				2713A1C3245E321700996D28 /* Plumadore_Homework__6Tests.swift in Sources */,
			);
			runOnlyForDeploymentPostprocessing = 0;
		};
		2713A1C5245E321700996D28 /* Sources */ = {
			isa = PBXSourcesBuildPhase;
			buildActionMask = 2147483647;
			files = (
				2713A1CE245E321700996D28 /* Plumadore_Homework__6UITests.swift in Sources */,
			);
			runOnlyForDeploymentPostprocessing = 0;
		};
/* End PBXSourcesBuildPhase section */

/* Begin PBXTargetDependency section */
		2713A1C0245E321700996D28 /* PBXTargetDependency */ = {
			isa = PBXTargetDependency;
			target = 2713A1A7245E321500996D28 /* Plumadore Homework #6 */;
			targetProxy = 2713A1BF245E321700996D28 /* PBXContainerItemProxy */;
		};
		2713A1CB245E321700996D28 /* PBXTargetDependency */ = {
			isa = PBXTargetDependency;
			target = 2713A1A7245E321500996D28 /* Plumadore Homework #6 */;
			targetProxy = 2713A1CA245E321700996D28 /* PBXContainerItemProxy */;
		};
/* End PBXTargetDependency section */

/* Begin PBXVariantGroup section */
		2713A1B1245E321500996D28 /* Main.storyboard */ = {
			isa = PBXVariantGroup;
			children = (
				2713A1B2245E321500996D28 /* Base */,
			);
			name = Main.storyboard;
			sourceTree = "<group>";
		};
		2713A1B6245E321700996D28 /* LaunchScreen.storyboard */ = {
			isa = PBXVariantGroup;
			children = (
				2713A1B7245E321700996D28 /* Base */,
			);
			name = LaunchScreen.storyboard;
			sourceTree = "<group>";
		};
/* End PBXVariantGroup section */

/* Begin XCBuildConfiguration section */
		2713A1D0245E321700996D28 /* Debug */ = {
			isa = XCBuildConfiguration;
			buildSettings = {
				ALWAYS_SEARCH_USER_PATHS = NO;
				CLANG_ANALYZER_NONNULL = YES;
				CLANG_ANALYZER_NUMBER_OBJECT_CONVERSION = YES_AGGRESSIVE;
				CLANG_CXX_LANGUAGE_STANDARD = "gnu++14";
				CLANG_CXX_LIBRARY = "libc++";
				CLANG_ENABLE_MODULES = YES;
				CLANG_ENABLE_OBJC_ARC = YES;
				CLANG_ENABLE_OBJC_WEAK = YES;
				CLANG_WARN_BLOCK_CAPTURE_AUTORELEASING = YES;
				CLANG_WARN_BOOL_CONVERSION = YES;
				CLANG_WARN_COMMA = YES;
				CLANG_WARN_CONSTANT_CONVERSION = YES;
				CLANG_WARN_DEPRECATED_OBJC_IMPLEMENTATIONS = YES;
				CLANG_WARN_DIRECT_OBJC_ISA_USAGE = YES_ERROR;
				CLANG_WARN_DOCUMENTATION_COMMENTS = YES;
				CLANG_WARN_EMPTY_BODY = YES;
				CLANG_WARN_ENUM_CONVERSION = YES;
				CLANG_WARN_INFINITE_RECURSION = YES;
				CLANG_WARN_INT_CONVERSION = YES;
				CLANG_WARN_NON_LITERAL_NULL_CONVERSION = YES;
				CLANG_WARN_OBJC_IMPLICIT_RETAIN_SELF = YES;
				CLANG_WARN_OBJC_LITERAL_CONVERSION = YES;
				CLANG_WARN_OBJC_ROOT_CLASS = YES_ERROR;
				CLANG_WARN_RANGE_LOOP_ANALYSIS = YES;
				CLANG_WARN_STRICT_PROTOTYPES = YES;
				CLANG_WARN_SUSPICIOUS_MOVE = YES;
				CLANG_WARN_UNGUARDED_AVAILABILITY = YES_AGGRESSIVE;
				CLANG_WARN_UNREACHABLE_CODE = YES;
				CLANG_WARN__DUPLICATE_METHOD_MATCH = YES;
				COPY_PHASE_STRIP = NO;
				DEBUG_INFORMATION_FORMAT = dwarf;
				ENABLE_STRICT_OBJC_MSGSEND = YES;
				ENABLE_TESTABILITY = YES;
				GCC_C_LANGUAGE_STANDARD = gnu11;
				GCC_DYNAMIC_NO_PIC = NO;
				GCC_NO_COMMON_BLOCKS = YES;
				GCC_OPTIMIZATION_LEVEL = 0;
				GCC_PREPROCESSOR_DEFINITIONS = (
					"DEBUG=1",
					"$(inherited)",
				);
				GCC_WARN_64_TO_32_BIT_CONVERSION = YES;
				GCC_WARN_ABOUT_RETURN_TYPE = YES_ERROR;
				GCC_WARN_UNDECLARED_SELECTOR = YES;
				GCC_WARN_UNINITIALIZED_AUTOS = YES_AGGRESSIVE;
				GCC_WARN_UNUSED_FUNCTION = YES;
				GCC_WARN_UNUSED_VARIABLE = YES;
				IPHONEOS_DEPLOYMENT_TARGET = 13.2;
				MTL_ENABLE_DEBUG_INFO = INCLUDE_SOURCE;
				MTL_FAST_MATH = YES;
				ONLY_ACTIVE_ARCH = YES;
				SDKROOT = iphoneos;
				SWIFT_ACTIVE_COMPILATION_CONDITIONS = DEBUG;
				SWIFT_OPTIMIZATION_LEVEL = "-Onone";
			};
			name = Debug;
		};
		2713A1D1245E321700996D28 /* Release */ = {
			isa = XCBuildConfiguration;
			buildSettings = {
				ALWAYS_SEARCH_USER_PATHS = NO;
				CLANG_ANALYZER_NONNULL = YES;
				CLANG_ANALYZER_NUMBER_OBJECT_CONVERSION = YES_AGGRESSIVE;
				CLANG_CXX_LANGUAGE_STANDARD = "gnu++14";
				CLANG_CXX_LIBRARY = "libc++";
				CLANG_ENABLE_MODULES = YES;
				CLANG_ENABLE_OBJC_ARC = YES;
				CLANG_ENABLE_OBJC_WEAK = YES;
				CLANG_WARN_BLOCK_CAPTURE_AUTORELEASING = YES;
				CLANG_WARN_BOOL_CONVERSION = YES;
				CLANG_WARN_COMMA = YES;
				CLANG_WARN_CONSTANT_CONVERSION = YES;
				CLANG_WARN_DEPRECATED_OBJC_IMPLEMENTATIONS = YES;
				CLANG_WARN_DIRECT_OBJC_ISA_USAGE = YES_ERROR;
				CLANG_WARN_DOCUMENTATION_COMMENTS = YES;
				CLANG_WARN_EMPTY_BODY = YES;
				CLANG_WARN_ENUM_CONVERSION = YES;
				CLANG_WARN_INFINITE_RECURSION = YES;
				CLANG_WARN_INT_CONVERSION = YES;
				CLANG_WARN_NON_LITERAL_NULL_CONVERSION = YES;
				CLANG_WARN_OBJC_IMPLICIT_RETAIN_SELF = YES;
				CLANG_WARN_OBJC_LITERAL_CONVERSION = YES;
				CLANG_WARN_OBJC_ROOT_CLASS = YES_ERROR;
				CLANG_WARN_RANGE_LOOP_ANALYSIS = YES;
				CLANG_WARN_STRICT_PROTOTYPES = YES;
				CLANG_WARN_SUSPICIOUS_MOVE = YES;
				CLANG_WARN_UNGUARDED_AVAILABILITY = YES_AGGRESSIVE;
				CLANG_WARN_UNREACHABLE_CODE = YES;
				CLANG_WARN__DUPLICATE_METHOD_MATCH = YES;
				COPY_PHASE_STRIP = NO;
				DEBUG_INFORMATION_FORMAT = "dwarf-with-dsym";
				ENABLE_NS_ASSERTIONS = NO;
				ENABLE_STRICT_OBJC_MSGSEND = YES;
				GCC_C_LANGUAGE_STANDARD = gnu11;
				GCC_NO_COMMON_BLOCKS = YES;
				GCC_WARN_64_TO_32_BIT_CONVERSION = YES;
				GCC_WARN_ABOUT_RETURN_TYPE = YES_ERROR;
				GCC_WARN_UNDECLARED_SELECTOR = YES;
				GCC_WARN_UNINITIALIZED_AUTOS = YES_AGGRESSIVE;
				GCC_WARN_UNUSED_FUNCTION = YES;
				GCC_WARN_UNUSED_VARIABLE = YES;
				IPHONEOS_DEPLOYMENT_TARGET = 13.2;
				MTL_ENABLE_DEBUG_INFO = NO;
				MTL_FAST_MATH = YES;
				SDKROOT = iphoneos;
				SWIFT_COMPILATION_MODE = wholemodule;
				SWIFT_OPTIMIZATION_LEVEL = "-O";
				VALIDATE_PRODUCT = YES;
			};
			name = Release;
		};
		2713A1D3245E321700996D28 /* Debug */ = {
			isa = XCBuildConfiguration;
			buildSettings = {
				ASSETCATALOG_COMPILER_APPICON_NAME = AppIcon;
				CODE_SIGN_STYLE = Automatic;
				DEVELOPMENT_TEAM = WK3P98B9Q9;
				INFOPLIST_FILE = "Plumadore Homework #6/Info.plist";
				LD_RUNPATH_SEARCH_PATHS = (
					"$(inherited)",
					"@executable_path/Frameworks",
				);
				PRODUCT_BUNDLE_IDENTIFIER = "AinsleyPlumadore.Plumadore-Homework--6";
				PRODUCT_NAME = "$(TARGET_NAME)";
				SWIFT_VERSION = 5.0;
				TARGETED_DEVICE_FAMILY = "1,2";
			};
			name = Debug;
		};
		2713A1D4245E321700996D28 /* Release */ = {
			isa = XCBuildConfiguration;
			buildSettings = {
				ASSETCATALOG_COMPILER_APPICON_NAME = AppIcon;
				CODE_SIGN_STYLE = Automatic;
				DEVELOPMENT_TEAM = WK3P98B9Q9;
				INFOPLIST_FILE = "Plumadore Homework #6/Info.plist";
				LD_RUNPATH_SEARCH_PATHS = (
					"$(inherited)",
					"@executable_path/Frameworks",
				);
				PRODUCT_BUNDLE_IDENTIFIER = "AinsleyPlumadore.Plumadore-Homework--6";
				PRODUCT_NAME = "$(TARGET_NAME)";
				SWIFT_VERSION = 5.0;
				TARGETED_DEVICE_FAMILY = "1,2";
			};
			name = Release;
		};
		2713A1D6245E321700996D28 /* Debug */ = {
			isa = XCBuildConfiguration;
			buildSettings = {
				ALWAYS_EMBED_SWIFT_STANDARD_LIBRARIES = YES;
				BUNDLE_LOADER = "$(TEST_HOST)";
				CODE_SIGN_STYLE = Automatic;
				DEVELOPMENT_TEAM = WK3P98B9Q9;
				INFOPLIST_FILE = "Plumadore Homework #6Tests/Info.plist";
				IPHONEOS_DEPLOYMENT_TARGET = 13.2;
				LD_RUNPATH_SEARCH_PATHS = (
					"$(inherited)",
					"@executable_path/Frameworks",
					"@loader_path/Frameworks",
				);
				PRODUCT_BUNDLE_IDENTIFIER = "AinsleyPlumadore.Plumadore-Homework--6Tests";
				PRODUCT_NAME = "$(TARGET_NAME)";
				SWIFT_VERSION = 5.0;
				TARGETED_DEVICE_FAMILY = "1,2";
				TEST_HOST = "$(BUILT_PRODUCTS_DIR)/Plumadore Homework #6.app/Plumadore Homework #6";
			};
			name = Debug;
		};
		2713A1D7245E321700996D28 /* Release */ = {
			isa = XCBuildConfiguration;
			buildSettings = {
				ALWAYS_EMBED_SWIFT_STANDARD_LIBRARIES = YES;
				BUNDLE_LOADER = "$(TEST_HOST)";
				CODE_SIGN_STYLE = Automatic;
				DEVELOPMENT_TEAM = WK3P98B9Q9;
				INFOPLIST_FILE = "Plumadore Homework #6Tests/Info.plist";
				IPHONEOS_DEPLOYMENT_TARGET = 13.2;
				LD_RUNPATH_SEARCH_PATHS = (
					"$(inherited)",
					"@executable_path/Frameworks",
					"@loader_path/Frameworks",
				);
				PRODUCT_BUNDLE_IDENTIFIER = "AinsleyPlumadore.Plumadore-Homework--6Tests";
				PRODUCT_NAME = "$(TARGET_NAME)";
				SWIFT_VERSION = 5.0;
				TARGETED_DEVICE_FAMILY = "1,2";
				TEST_HOST = "$(BUILT_PRODUCTS_DIR)/Plumadore Homework #6.app/Plumadore Homework #6";
			};
			name = Release;
		};
		2713A1D9245E321700996D28 /* Debug */ = {
			isa = XCBuildConfiguration;
			buildSettings = {
				ALWAYS_EMBED_SWIFT_STANDARD_LIBRARIES = YES;
				CODE_SIGN_STYLE = Automatic;
				DEVELOPMENT_TEAM = WK3P98B9Q9;
				INFOPLIST_FILE = "Plumadore Homework #6UITests/Info.plist";
				LD_RUNPATH_SEARCH_PATHS = (
					"$(inherited)",
					"@executable_path/Frameworks",
					"@loader_path/Frameworks",
				);
				PRODUCT_BUNDLE_IDENTIFIER = "AinsleyPlumadore.Plumadore-Homework--6UITests";
				PRODUCT_NAME = "$(TARGET_NAME)";
				SWIFT_VERSION = 5.0;
				TARGETED_DEVICE_FAMILY = "1,2";
				TEST_TARGET_NAME = "Plumadore Homework #6";
			};
			name = Debug;
		};
		2713A1DA245E321700996D28 /* Release */ = {
			isa = XCBuildConfiguration;
			buildSettings = {
				ALWAYS_EMBED_SWIFT_STANDARD_LIBRARIES = YES;
				CODE_SIGN_STYLE = Automatic;
				DEVELOPMENT_TEAM = WK3P98B9Q9;
				INFOPLIST_FILE = "Plumadore Homework #6UITests/Info.plist";
				LD_RUNPATH_SEARCH_PATHS = (
					"$(inherited)",
					"@executable_path/Frameworks",
					"@loader_path/Frameworks",
				);
				PRODUCT_BUNDLE_IDENTIFIER = "AinsleyPlumadore.Plumadore-Homework--6UITests";
				PRODUCT_NAME = "$(TARGET_NAME)";
				SWIFT_VERSION = 5.0;
				TARGETED_DEVICE_FAMILY = "1,2";
				TEST_TARGET_NAME = "Plumadore Homework #6";
			};
			name = Release;
		};
/* End XCBuildConfiguration section */

/* Begin XCConfigurationList section */
		2713A1A3245E321500996D28 /* Build configuration list for PBXProject "Plumadore Homework #6" */ = {
			isa = XCConfigurationList;
			buildConfigurations = (
				2713A1D0245E321700996D28 /* Debug */,
				2713A1D1245E321700996D28 /* Release */,
			);
			defaultConfigurationIsVisible = 0;
			defaultConfigurationName = Release;
		};
		2713A1D2245E321700996D28 /* Build configuration list for PBXNativeTarget "Plumadore Homework #6" */ = {
			isa = XCConfigurationList;
			buildConfigurations = (
				2713A1D3245E321700996D28 /* Debug */,
				2713A1D4245E321700996D28 /* Release */,
			);
			defaultConfigurationIsVisible = 0;
			defaultConfigurationName = Release;
		};
		2713A1D5245E321700996D28 /* Build configuration list for PBXNativeTarget "Plumadore Homework #6Tests" */ = {
			isa = XCConfigurationList;
			buildConfigurations = (
				2713A1D6245E321700996D28 /* Debug */,
				2713A1D7245E321700996D28 /* Release */,
			);
			defaultConfigurationIsVisible = 0;
			defaultConfigurationName = Release;
		};
		2713A1D8245E321700996D28 /* Build configuration list for PBXNativeTarget "Plumadore Homework #6UITests" */ = {
			isa = XCConfigurationList;
			buildConfigurations = (
				2713A1D9245E321700996D28 /* Debug */,
				2713A1DA245E321700996D28 /* Release */,
			);
			defaultConfigurationIsVisible = 0;
			defaultConfigurationName = Release;
		};
/* End XCConfigurationList section */
	};
	rootObject = 2713A1A0245E321500996D28 /* Project object */;
}
